
Microsoft Visual Studio Solution File, Format Version 12.00
Project("{FAE04EC0-301F-11D3-BF4B-00C04F79EFBC}") = "SmartRouter", "SmartRouter\SmartRouter.csproj", "{E977082C-17F2-47F0-8AEF-14ABDC36F039}"
EndProject
Project("{FAE04EC0-301F-11D3-BF4B-00C04F79EFBC}") = "SmartRouterTest", "SmartRouterTest\SmartRouterTest.csproj", "{6F9C6D78-8E62-47D4-BF8A-4F1D4E84BE50}"
EndProject
Global
	GlobalSection(SolutionConfigurationPlatforms) = preSolution
		Debug|Any CPU = Debug|Any CPU
		Release|Any CPU = Release|Any CPU
	EndGlobalSection
	GlobalSection(ProjectConfigurationPlatforms) = postSolution
		{E977082C-17F2-47F0-8AEF-14ABDC36F039}.Debug|Any CPU.ActiveCfg = Debug|Any CPU
		{E977082C-17F2-47F0-8AEF-14ABDC36F039}.Debug|Any CPU.Build.0 = Debug|Any CPU
		{E977082C-17F2-47F0-8AEF-14ABDC36F039}.Release|Any CPU.ActiveCfg = Release|Any CPU
		{E977082C-17F2-47F0-8AEF-14ABDC36F039}.Release|Any CPU.Build.0 = Release|Any CPU
		{6F9C6D78-8E62-47D4-BF8A-4F1D4E84BE50}.Debug|Any CPU.ActiveCfg = Debug|Any CPU
		{6F9C6D78-8E62-47D4-BF8A-4F1D4E84BE50}.Debug|Any CPU.Build.0 = Debug|Any CPU
		{6F9C6D78-8E62-47D4-BF8A-4F1D4E84BE50}.Release|Any CPU.ActiveCfg = Release|Any CPU
		{6F9C6D78-8E62-47D4-BF8A-4F1D4E84BE50}.Release|Any CPU.Build.0 = Release|Any CPU
	EndGlobalSection
EndGlobal
